{
  "custom_agent_hashes": {},
  "installation_mode": "vendor",
  "managed_files": {
    ".agents/skills/aiflow-autonomous/SKILL.md": "264eef6ec58a3ae7aec5be6ad6f1cec68625c5836a98f0a9a31cedae977d5cd1",
    ".agents/skills/aiflow-autonomous/agents/openai.yaml": "8b1a7846c2d510e63154b42e9ca69b672e30942e90c775355ad23ce58af73db7",
    ".agents/skills/aiflow-autonomous/references/STATE_PROTOCOL.md": "5c9e7274134090410b9a13db76e47b99d2b2cb58100f6579281d62a1bc7e0cf5",
    ".agents/skills/aiflow-autonomous/references/SUBAGENT_RETURN_SCHEMA.md": "e24570976391ddf3516748c55cc59dad2f6a57581c04b0c93beba7522ba5ccef",
    ".agents/skills/cluster-portability/SKILL.md": "c80f8db17d2b1b82a57f78db95f9bd71afe3cf7db34a7f2b604dac131b768660",
    ".agents/skills/cluster-portability/agents/openai.yaml": "47b4fd8bace2dd7562cc711f746bb4b64233062525bed5f95d0422f7d709a564",
    ".agents/skills/experiment-provenance/SKILL.md": "968351d8e06fcc43bef7e5c29ded227230701815f2a65bcf02d2dfc7be4305ab",
    ".agents/skills/experiment-provenance/agents/openai.yaml": "b62b6319955c6036d2b56ae713eaf75d818c81d7827eda0770c7a4f340b514f1",
    ".agents/skills/experiment-sweep/SKILL.md": "0c3f9555dee10ee92a53e1fa2b768c842563735d536f752bc8998f3439517f4a",
    ".agents/skills/experiment-sweep/agents/openai.yaml": "57163e5386c4f72c2ee21e35b0caee00d27eb81e77997595712a1c54bdba4392",
    ".agents/skills/grill-me-nr/SKILL.md": "f3fef7c7e0af5e51f71401ddf6c57efe37951d640eb9975f51d0fe5678e95b62",
    ".agents/skills/grill-me-nr/agents/openai.yaml": "488a0bae7836e6e306bcf8d14d70cced15b36727f0bd7fbbf569c410a36a673c",
    ".agents/skills/grill-me-nr/references/DESIGN_TEMPLATE.md": "b6a9824486c5f38fa9f06ea6072fc4f37fb8f090bfdde6fbee21e7957e0c8f24",
    ".agents/skills/gui-ux-audit/SKILL.md": "238687d5e4a66b0c0b3932048d97ea28062ce3e8dbe83fb7af262209edf30b8e",
    ".agents/skills/gui-ux-audit/agents/openai.yaml": "b0a0de784b64564804e0f0e25da3f72f9a5b21dc1ec7c337f386dd20c14cf951",
    ".agents/skills/handoff-nr/SKILL.md": "0a71236fb8bfa46e37c5291b31a498ac6d69881a4a55e620b64d09c5e5187289",
    ".agents/skills/handoff-nr/agents/openai.yaml": "baeefc65f0c7a3965c5955d0c53becd6c96b5a04f5d9e0039332c227bb3a436b",
    ".agents/skills/handoff-nr/references/HANDOFF_TEMPLATE.md": "7999461d7b47513acef8a939dc52389833c49ddbdabf8cdc5fe82a07078f65c9",
    ".agents/skills/handoff-nr/references/RESUME_GATE.md": "7e715d779d29e981d519c4827cc017a9704812c1bc408bfe37dedae1ca44e1b8",
    ".agents/skills/handoff-nr/scripts/state_probe.py": "b3b9e46a2b7157d6775d7afa13d9e7b068833711a25ced94428d607e52237696",
    ".agents/skills/hpc-job-monitor/SKILL.md": "50c285ef18a43ee7249aa91a3b8158a856a2472ae6b3482ce0b0b162ad360026",
    ".agents/skills/hpc-job-monitor/agents/openai.yaml": "ec0d2088e1d0345d2a127aeade6012bc5dcb69c1d28fe337557499e960c96823",
    ".agents/skills/hpc-job-triage/SKILL.md": "0a8213bc418e783a39d9cc270c53fbf8287ad2702d69ceb9e764c742f3d8dc11",
    ".agents/skills/hpc-job-triage/agents/openai.yaml": "90ad132ad63671831d1f97bbcbb1aec1bfe5c8acf3f64b923a7935f695f2e0ff",
    ".agents/skills/numerical-test-design/SKILL.md": "086a87b0670b3ac2ee5bf86a29b5278d8ccfaebcfa7b55d489d7f61bd1eb7880",
    ".agents/skills/paper-equation-implementation/SKILL.md": "0d4f466b5b8a8ad5c54e6977b1687af0efe8aeed1a837c5aefec28107b0f8312",
    ".agents/skills/performance-portability-review/SKILL.md": "024a4b908ac4703795396800c9c333b92658983a3a8686109f2fe1c0556e85be",
    ".agents/skills/release-readiness/SKILL.md": "e9b0d471c573a4a5dca3dfbdb29d30ee712871d0cb39c0533a2afda7b8f86fae",
    ".agents/skills/release-readiness/agents/openai.yaml": "a27efa36c4a23bc021a22c64f044bdf13db7b631814945e4185f87194836159e",
    ".agents/skills/scientific-code-review/SKILL.md": "6acd97c3a62c4137527c5e75ed0cfabc50e80916a19631a2d775afddbed9941b",
    ".agents/skills/systematic-debugging/SKILL.md": "643d2ea45cdad604fba4bec4ba767dc4f0761c4bafd07f3ef3cba4d5831a79f2",
    ".agents/skills/systematic-debugging/agents/openai.yaml": "4f11c31e1468a800cabfc95feeb4b4fde1c99e84504c19401f41d16b2b339ea1",
    ".agents/skills/tdd-nr/SKILL.md": "b58f061a6b418c8376a78fe58a39949b33abe6e032fd5fd972818ae01746b7b3",
    ".agents/skills/tdd-nr/agents/openai.yaml": "11b64477e809656cef80dffe2f9d6c75e1070be8b4d5e13b4a1fee6d3575f4c8",
    ".agents/skills/tdd-nr/references/GOAL_TEMPLATE.md": "07d5728d47876c3e6633e3bfbae7b3a7f5a5662b674e100102950bec317987aa",
    ".agents/skills/tdd-nr/references/IMPLEMENTATION_STATE_TEMPLATE.md": "153b5fb7508f73073675f8fdf08ef864d03ceb486c77b0056c53d2438e760777",
    ".agents/skills/tdd-nr/references/PROGRESS_EVENT_SCHEMA.md": "b0669807fcaaf7117e628f51389143682280acc8398d344313fa375ab1b6c9d3",
    ".agents/skills/tdd-nr/references/SCIENTIFIC_TEST_CATALOG.md": "1dc540d50f52a0e8a4d97255cfeb53730efc84a7516e916c3d4ed7bc87f900f4",
    ".agents/skills/tdd-nr/references/TDD_PLAN_TEMPLATE.md": "8b0b06e530f1a07933832516c611e3f3f7ee76e9ead01e968f9f832148a24c73",
    ".agents/skills/tdd-solo/SKILL.md": "9cc0fbccd5b2f07541dd179490c09f77dfc8dd57e45aa3f615ee4f792b77e6e5",
    ".agents/skills/tdd-solo/agents/openai.yaml": "a7a61e29bb65baf66db222ea21a305384cf7d01eccf9892d0ab1a97ee154fdf2",
    ".agents/skills/verification-before-completion/SKILL.md": "307ff7d292146291c7048a9ba2e054c70c85ffc8def39f7e76a96dfc604e6ff5",
    ".agents/skills/verification-before-completion/agents/openai.yaml": "3c3d4c85e0eaf64ebaa9372e679745b1ad29eeb5d4e3f3bbf231031185b9b1d5",
    ".aiflow/deprecations.toml": "aa5e0d29e50438fb070e1a8f1bb0a158eecbb5386aba5f161682b03e263addd4",
    ".aiflow/handoffs/.gitkeep": "e3b0c44298fc1c149afbf4c8996fb92427ae41e4649b934ca495991b7852b855",
    ".aiflow/project.toml": "aaf32d328c9904b79b95450e8392ad97c116b01816037833fb7840484ef16ae2",
    ".aiflow/quality.toml": "b29d4dafc5d765b7fe2839ab313431fe38ffc2523989121caa382d763c31e0e3"
  },
  "profile": "full",
  "schema_version": 1,
  "skill_hashes": {
    "aiflow-autonomous": "344c1f959fa736b23ea7eaad9cd9b090e0e087c971e55a4b0e9a75afd2b8c5db",
    "cluster-portability": "ee6a6d9db2acbc892c36437e2d67d623289ec4d89d7714b63591e6c365ca017d",
    "experiment-provenance": "87601f9432ce80720a4c85a3317aa7293cd980b08d6dfa58ae07b4111dd81966",
    "experiment-sweep": "f4fc1f61156886ad92765016ac958013caf46d9640671c02b0573dc3a48bd2dc",
    "grill-me-nr": "467c54778fc874b206bcc6225e17178ac2ad9a1686798f65eb93fe586f432295",
    "gui-ux-audit": "4533f7875e46a9a7194b91d74ba1874d2bc05ac867d4adce264943c8e0e2f13f",
    "handoff-nr": "5bec5fe13473680ef7b6c96c4f8692942814a758fa870cdaa3a2b37165872086",
    "hpc-job-monitor": "288ad50e3d96675001b5c360bea177807dfd5d0848b80bab7a9c88392e12d509",
    "hpc-job-triage": "842e326d0d2f011c2e41e42d7e6b6648eb7b133d62d4864a9c3d58242f122a14",
    "numerical-test-design": "f9ba0e34324474e6f91e887ffb2320c43ead7985abaa10f8a478727409f63bcf",
    "paper-equation-implementation": "eb503a4112c2e5e71ad574ba6843a73d9006dd3548397323188bfa6592a6f9cb",
    "performance-portability-review": "64754dbd4bb574e3a90ebc4bd14f030a1befb756e43d2ed12cc26a409817eeb2",
    "release-readiness": "4dac9c2986df329b3a36e8b49ac80c78313f5579a29b2f2eb82c7b5a2511000f",
    "scientific-code-review": "24182a7d6634c57d4ffe0699f0405d656fc18730050b9d22e7d608e5216596f8",
    "systematic-debugging": "f9af1672d509ab8bb514de78a88bcdf663b9a30a42dff92a7d5244f03a43f1a5",
    "tdd-nr": "a8e3cda6e42f5e2235acd3dfabc98f7361f1b70c9ba0ea85f2c71040a669e39e",
    "tdd-solo": "17b241777de763649103a8cb400e9f3e615e191bbba66a46eeff6597cfdd74b3",
    "verification-before-completion": "6f8e6de6229134dd963059aaf0192186e3926b260619d41b6b3c9dabe0c32e32"
  },
  "source_version": "0.4.0.dev0",
  "workflow_version": "0.4.0.dev0"
}
